
Microsoft Visual Studio Solution File, Format Version 12.00
# Visual Studio Version 17
VisualStudioVersion = 17.0.32014.148
MinimumVisualStudioVersion = 10.0.40219.1
Project("{FAE04EC0-301F-11D3-BF4B-00C04F79EFBC}") = "BlazorInitApp", "BlazorInitApp\BlazorInitApp.csproj", "{B2F302F8-7519-4E0A-9A9E-74B32182DBB2}"
EndProject
Global
	GlobalSection(SolutionConfigurationPlatforms) = preSolution
		Debug|Any CPU = Debug|Any CPU
		Release|Any CPU = Release|Any CPU
	EndGlobalSection
	GlobalSection(ProjectConfigurationPlatforms) = postSolution
		{B2F302F8-7519-4E0A-9A9E-74B32182DBB2}.Debug|Any CPU.ActiveCfg = Debug|Any CPU
		{B2F302F8-7519-4E0A-9A9E-74B32182DBB2}.Debug|Any CPU.Build.0 = Debug|Any CPU
		{B2F302F8-7519-4E0A-9A9E-74B32182DBB2}.Release|Any CPU.ActiveCfg = Release|Any CPU
		{B2F302F8-7519-4E0A-9A9E-74B32182DBB2}.Release|Any CPU.Build.0 = Release|Any CPU
	EndGlobalSection
	GlobalSection(SolutionProperties) = preSolution
		HideSolutionNode = FALSE
	EndGlobalSection
	GlobalSection(ExtensibilityGlobals) = postSolution
		SolutionGuid = {D449CB41-5EB7-4043-A2FF-48FD419E5E84}
	EndGlobalSection
EndGlobal
